<?xml version="1.0" encoding="utf-8"?>
<Project ToolsVersion="4.0" xmlns="http://schemas.microsoft.com/developer/msbuild/2003">
  <ItemGroup>
    <Filter Include="Source Files">
      <UniqueIdentifier>{f484c51c-1416-4df4-97e7-fc68ec3700b9}</UniqueIdentifier>
      <Extensions>cpp;c;cxx;rc;def;r;odl;idl;hpj;bat</Extensions>
    </Filter>
    <Filter Include="Header Files">
      <UniqueIdentifier>{123e1493-2917-4166-bcb6-126dfa73d0ee}</UniqueIdentifier>
      <Extensions>h;hpp;hxx;hm;inl</Extensions>
    </Filter>
    <Filter Include="Resource Files">
      <UniqueIdentifier>{db4208a6-bb95-4c3f-af14-04a7e771af0a}</UniqueIdentifier>
      <Extensions>ico;cur;bmp;dlg;rc2;rct;bin;rgs;gif;jpg;jpeg;jpe</Extensions>
    </Filter>
    <Filter Include="Hardware">
      <UniqueIdentifier>{676bee51-6004-4005-963c-7b04116e475a}</UniqueIdentifier>
    </Filter>
    <Filter Include="MCIMusic">
      <UniqueIdentifier>{5b25dfe3-e74b-4d6f-969e-ac7f7c7ffc6f}</UniqueIdentifier>
    </Filter>
    <Filter Include="button">
      <UniqueIdentifier>{bde6bbb9-d7b7-4165-92b8-1c8e27cacf99}</UniqueIdentifier>
    </Filter>
    <Filter Include="stream">
      <UniqueIdentifier>{8315a943-a05f-420a-873f-8c3d082edad3}</UniqueIdentifier>
    </Filter>
  </ItemGroup>
  <ItemGroup>
    <ClCompile Include="PWDLG.cpp">
      <Filter>Source Files</Filter>
    </ClCompile>
    <ClCompile Include="StdAfx.cpp">
      <Filter>Source Files</Filter>
    </ClCompile>
    <ClCompile Include="SYSTEMTRAY.CPP">
      <Filter>Source Files</Filter>
    </ClCompile>
    <ClCompile Include="ServiceTalk.cpp">
      <Filter>Source Files</Filter>
    </ClCompile>
    <ClCompile Include="ServiceTalkDlg.cpp">
      <Filter>Source Files</Filter>
    </ClCompile>
    <ClCompile Include="..\ClientTalk\hardware\UsbDevice.cpp">
      <Filter>Hardware</Filter>
    </ClCompile>
    <ClCompile Include="..\ClientTalk\MCIPlayMusic\MCIPlayMusic.cpp">
      <Filter>MCIMusic</Filter>
    </ClCompile>
    <ClCompile Include="FriendList.cpp">
      <Filter>Source Files</Filter>
    </ClCompile>
    <ClCompile Include="ServiceInterface.cpp">
      <Filter>Source Files</Filter>
    </ClCompile>
    <ClCompile Include="IncommingDialog.cpp">
      <Filter>Source Files</Filter>
    </ClCompile>
    <ClCompile Include="button\BCMenu.cpp">
      <Filter>button</Filter>
    </ClCompile>
    <ClCompile Include="button\BtnST.cpp">
      <Filter>button</Filter>
    </ClCompile>
    <ClCompile Include="button\CeXDib.cpp">
      <Filter>button</Filter>
    </ClCompile>
    <ClCompile Include="button\ShadeButtonST.cpp">
      <Filter>button</Filter>
    </ClCompile>
    <ClCompile Include="button\WinXPButtonST.cpp">
      <Filter>button</Filter>
    </ClCompile>
    <ClCompile Include="publicFunction.cpp">
      <Filter>Source Files</Filter>
    </ClCompile>
    <ClCompile Include="stream\stream.cc">
      <Filter>stream</Filter>
    </ClCompile>
    <ClCompile Include="stream\common.cc">
      <Filter>stream</Filter>
    </ClCompile>
    <ClCompile Include="FileVersionInfo.cpp">
      <Filter>Source Files</Filter>
    </ClCompile>
    <ClCompile Include="ToolTipCtrlX.cpp">
      <Filter>Source Files</Filter>
    </ClCompile>
  </ItemGroup>
  <ItemGroup>
    <ClInclude Include="PWDLG.h">
      <Filter>Header Files</Filter>
    </ClInclude>
    <ClInclude Include="Resource.h">
      <Filter>Header Files</Filter>
    </ClInclude>
    <ClInclude Include="StdAfx.h">
      <Filter>Header Files</Filter>
    </ClInclude>
    <ClInclude Include="SYSTEMTRAY.H">
      <Filter>Header Files</Filter>
    </ClInclude>
    <ClInclude Include="ServiceTalkDlg.h">
      <Filter>Header Files</Filter>
    </ClInclude>
    <ClInclude Include="ServiceTalk.h">
      <Filter>Header Files</Filter>
    </ClInclude>
    <ClInclude Include="..\ClientTalk\hardware\hidpi.h">
      <Filter>Hardware</Filter>
    </ClInclude>
    <ClInclude Include="..\ClientTalk\hardware\hidsdi.h">
      <Filter>Hardware</Filter>
    </ClInclude>
    <ClInclude Include="..\ClientTalk\hardware\hidusage.h">
      <Filter>Hardware</Filter>
    </ClInclude>
    <ClInclude Include="..\ClientTalk\hardware\UsbDevice.h">
      <Filter>Hardware</Filter>
    </ClInclude>
    <ClInclude Include="..\ClientTalk\MCIPlayMusic\MCIPlayMusic.h">
      <Filter>MCIMusic</Filter>
    </ClInclude>
    <ClInclude Include="FriendList.h">
      <Filter>Header Files</Filter>
    </ClInclude>
    <ClInclude Include="ServiceInterface.h">
      <Filter>Header Files</Filter>
    </ClInclude>
    <ClInclude Include="IncommingDialog.h">
      <Filter>Header Files</Filter>
    </ClInclude>
    <ClInclude Include="button\BCMenu.h">
      <Filter>button</Filter>
    </ClInclude>
    <ClInclude Include="button\BtnST.h">
      <Filter>button</Filter>
    </ClInclude>
    <ClInclude Include="button\CeXDib.h">
      <Filter>button</Filter>
    </ClInclude>
    <ClInclude Include="button\ShadeButtonST.h">
      <Filter>button</Filter>
    </ClInclude>
    <ClInclude Include="button\WinXPButtonST.h">
      <Filter>button</Filter>
    </ClInclude>
    <ClInclude Include="publicFunction.h">
      <Filter>Header Files</Filter>
    </ClInclude>
    <ClInclude Include="stream\sigslot.h">
      <Filter>stream</Filter>
    </ClInclude>
    <ClInclude Include="stream\stream.h">
      <Filter>stream</Filter>
    </ClInclude>
    <ClInclude Include="stream\basictypes.h">
      <Filter>stream</Filter>
    </ClInclude>
    <ClInclude Include="stream\common.h">
      <Filter>stream</Filter>
    </ClInclude>
    <ClInclude Include="stream\scoped_ptr.h">
      <Filter>stream</Filter>
    </ClInclude>
    <ClInclude Include="FileVersionInfo.h">
      <Filter>Header Files</Filter>
    </ClInclude>
    <ClInclude Include="ToolTipCtrlX.h">
      <Filter>Header Files</Filter>
    </ClInclude>
  </ItemGroup>
  <ItemGroup>
    <CustomBuild Include="ReadMe.txt" />
    <CustomBuild Include="res\ServiceTalk.ico">
      <Filter>Resource Files</Filter>
    </CustomBuild>
    <CustomBuild Include="res\ServiceTalk.rc2">
      <Filter>Resource Files</Filter>
    </CustomBuild>
  </ItemGroup>
  <ItemGroup>
    <ResourceCompile Include="ServiceTalk.rc">
      <Filter>Source Files</Filter>
    </ResourceCompile>
  </ItemGroup>
  <ItemGroup>
    <Library Include="..\ClientTalk\hardware\hid.lib">
      <Filter>Hardware</Filter>
    </Library>
    <Library Include="..\ClientTalk\hardware\hidclass.lib">
      <Filter>Hardware</Filter>
    </Library>
    <Library Include="..\ClientTalk\hardware\hidparse.lib">
      <Filter>Hardware</Filter>
    </Library>
  </ItemGroup>
  <ItemGroup>
    <None Include="res\FndLstSel.bmp">
      <Filter>Resource Files</Filter>
    </None>
    <None Include="res\FndLstSel2.bmp">
      <Filter>Resource Files</Filter>
    </None>
    <None Include="res\list_unselected.bmp">
      <Filter>Resource Files</Filter>
    </None>
    <None Include="res\dial.png" />
    <None Include="res\icon1.ico">
      <Filter>Resource Files</Filter>
    </None>
  </ItemGroup>
</Project>